
Microsoft Visual Studio Solution File, Format Version 12.00
# Visual Studio Version 16
VisualStudioVersion = 16.0.29709.97
MinimumVisualStudioVersion = 10.0.40219.1
Project("{9A19103F-16F7-4668-BE54-9A1E7A4F7556}") = "Demo1", "Demo1\Demo1.csproj", "{D8592957-46CB-4900-9E9C-FFE97599D13B}"
EndProject
Global
	GlobalSection(SolutionConfigurationPlatforms) = preSolution
		Debug|Any CPU = Debug|Any CPU
		Release|Any CPU = Release|Any CPU
	EndGlobalSection
	GlobalSection(ProjectConfigurationPlatforms) = postSolution
		{D8592957-46CB-4900-9E9C-FFE97599D13B}.Debug|Any CPU.ActiveCfg = Debug|Any CPU
		{D8592957-46CB-4900-9E9C-FFE97599D13B}.Debug|Any CPU.Build.0 = Debug|Any CPU
		{D8592957-46CB-4900-9E9C-FFE97599D13B}.Release|Any CPU.ActiveCfg = Release|Any CPU
		{D8592957-46CB-4900-9E9C-FFE97599D13B}.Release|Any CPU.Build.0 = Release|Any CPU
	EndGlobalSection
	GlobalSection(SolutionProperties) = preSolution
		HideSolutionNode = FALSE
	EndGlobalSection
	GlobalSection(ExtensibilityGlobals) = postSolution
		SolutionGuid = {3AE87D9D-FAC2-4C67-B076-E479E4098286}
	EndGlobalSection
EndGlobal
